PODS:
  - Flutter (1.0.0)
  - flutter_google_cast_button (0.0.1):
    - Flutter
    - google-cast-sdk (~> 4.3)
  - FMDB (2.7.5):
    - FMDB/standard (= 2.7.5)
  - FMDB/standard (2.7.5)
  - google-cast-sdk (4.3.2):
    - google-cast-sdk/Core (= 4.3.2)
    - Protobuf (~> 3.0)
  - google-cast-sdk/Core (4.3.2):
    - Protobuf (~> 3.0)
  - path_provider (0.0.1):
    - Flutter
  - Protobuf (3.12.0)
  - shared_preferences (0.0.1):
    - Flutter
  - sqflite (0.0.1):
    - Flutter
    - FMDB (~> 2.7.2)
  - webview_flutter (0.0.1):
    - Flutter

DEPENDENCIES:
  - Flutter (from `Flutter`)
  - flutter_google_cast_button (from `.symlinks/plugins/flutter_google_cast_button/ios`)
  - path_provider (from `.symlinks/plugins/path_provider/ios`)
  - shared_preferences (from `.symlinks/plugins/shared_preferences/ios`)
  - sqflite (from `.symlinks/plugins/sqflite/ios`)
  - webview_flutter (from `.symlinks/plugins/webview_flutter/ios`)

SPEC REPOS:
  trunk:
    - FMDB
    - google-cast-sdk
    - Protobuf

EXTERNAL SOURCES:
  Flutter:
    :path: Flutter
  flutter_google_cast_button:
    :path: ".symlinks/plugins/flutter_google_cast_button/ios"
  path_provider:
    :path: ".symlinks/plugins/path_provider/ios"
  shared_preferences:
    :path: ".symlinks/plugins/shared_preferences/ios"
  sqflite:
    :path: ".symlinks/plugins/sqflite/ios"
  webview_flutter:
    :path: ".symlinks/plugins/webview_flutter/ios"

SPEC CHECKSUMS:
  Flutter: 0e3d915762c693b495b44d77113d4970485de6ec
  flutter_google_cast_button: 93329ae1132c2b70835de836bbdac20e20a03fe4
  FMDB: 2ce00b547f966261cd18927a3ddb07cb6f3db82a
  google-cast-sdk: 845b740ef8c47919185651ba62b36b2ed0cfab40
  path_provider: abfe2b5c733d04e238b0d8691db0cfd63a27a93c
  Protobuf: 2793fcd0622a00b546c60e7cbbcc493e043e9bb9
  shared_preferences: af6bfa751691cdc24be3045c43ec037377ada40d
  sqflite: 4001a31ff81d210346b500c55b17f4d6c7589dd0
  webview_flutter: d2b4d6c66968ad042ad94cbb791f5b72b4678a96

PODFILE CHECKSUM: aafe91acc616949ddb318b77800a7f51bffa2a4c

COCOAPODS: 1.9.3
